// !$*UTF8*$!
{
	archiveVersion = 1;
	classes = {
	};
	objectVersion = 48;
	objects = {

/* Begin PBXBuildFile section */
		346A896EB1CF8AD8DF976751 /* Pods_FirebaseNotifications.framework in Frameworks */ = {isa = PBXBuildFile; fileRef = 8F5E6F89A12A99A146E3202B /* Pods_FirebaseNotifications.framework */; };
		CD288B2C200D79FF00A97011 /* UserNotificationService.swift in Sources */ = {isa = PBXBuildFile; fileRef = CD288B2B200D79FF00A97011 /* UserNotificationService.swift */; };
		CD288B2F200D838F00A97011 /* GoogleService-Info.plist in Resources */ = {isa = PBXBuildFile; fileRef = CD288B2E200D838F00A97011 /* GoogleService-Info.plist */; };
		CD288B31200D846700A97011 /* FirebaseDatabaseService.swift in Sources */ = {isa = PBXBuildFile; fileRef = CD288B30200D846700A97011 /* FirebaseDatabaseService.swift */; };
		CD288B33200D8A9700A97011 /* ProductsSnapshot.swift in Sources */ = {isa = PBXBuildFile; fileRef = CD288B32200D8A9700A97011 /* ProductsSnapshot.swift */; };
		CD288B35200D8D0600A97011 /* ProductsService.swift in Sources */ = {isa = PBXBuildFile; fileRef = CD288B34200D8D0600A97011 /* ProductsService.swift */; };
		CD288B37200DAEFA00A97011 /* FirebaseMessagingService.swift in Sources */ = {isa = PBXBuildFile; fileRef = CD288B36200DAEFA00A97011 /* FirebaseMessagingService.swift */; };
		CD7E954B200D5960001F6475 /* AppDelegate.swift in Sources */ = {isa = PBXBuildFile; fileRef = CD7E954A200D5960001F6475 /* AppDelegate.swift */; };
		CD7E954D200D5960001F6475 /* ViewController.swift in Sources */ = {isa = PBXBuildFile; fileRef = CD7E954C200D5960001F6475 /* ViewController.swift */; };
		CD7E9550200D5960001F6475 /* Main.storyboard in Resources */ = {isa = PBXBuildFile; fileRef = CD7E954E200D5960001F6475 /* Main.storyboard */; };
		CD7E9552200D5960001F6475 /* Assets.xcassets in Resources */ = {isa = PBXBuildFile; fileRef = CD7E9551200D5960001F6475 /* Assets.xcassets */; };
		CD7E9555200D5960001F6475 /* LaunchScreen.storyboard in Resources */ = {isa = PBXBuildFile; fileRef = CD7E9553200D5960001F6475 /* LaunchScreen.storyboard */; };
		CD7E9560200D5960001F6475 /* FirebaseNotificationsTests.swift in Sources */ = {isa = PBXBuildFile; fileRef = CD7E955F200D5960001F6475 /* FirebaseNotificationsTests.swift */; };
		CD7E956B200D5960001F6475 /* FirebaseNotificationsUITests.swift in Sources */ = {isa = PBXBuildFile; fileRef = CD7E956A200D5960001F6475 /* FirebaseNotificationsUITests.swift */; };
		CD7E957D200D5E99001F6475 /* Product.swift in Sources */ = {isa = PBXBuildFile; fileRef = CD7E957C200D5E99001F6475 /* Product.swift */; };
		CD7E957F200D5EDD001F6475 /* ProductCell.swift in Sources */ = {isa = PBXBuildFile; fileRef = CD7E957E200D5EDD001F6475 /* ProductCell.swift */; };
		CD7E9581200D64DA001F6475 /* AlertService.swift in Sources */ = {isa = PBXBuildFile; fileRef = CD7E9580200D64DA001F6475 /* AlertService.swift */; };
		DFFC292352DCB469A281E2C6 /* Pods_FirebaseNotificationsUITests.framework in Frameworks */ = {isa = PBXBuildFile; fileRef = BF6FE8B0E6586913A2850E18 /* Pods_FirebaseNotificationsUITests.framework */; };
		E6C7369338E22D4610D31F25 /* Pods_FirebaseNotificationsTests.framework in Frameworks */ = {isa = PBXBuildFile; fileRef = 740DB8D5113939AA1F7106A0 /* Pods_FirebaseNotificationsTests.framework */; };
/* End PBXBuildFile section */

/* Begin PBXContainerItemProxy section */
		CD7E955C200D5960001F6475 /* PBXContainerItemProxy */ = {
			isa = PBXContainerItemProxy;
			containerPortal = CD7E953F200D5960001F6475 /* Project object */;
			proxyType = 1;
			remoteGlobalIDString = CD7E9546200D5960001F6475;
			remoteInfo = FirebaseNotifications;
		};
		CD7E9567200D5960001F6475 /* PBXContainerItemProxy */ = {
			isa = PBXContainerItemProxy;
			containerPortal = CD7E953F200D5960001F6475 /* Project object */;
			proxyType = 1;
			remoteGlobalIDString = CD7E9546200D5960001F6475;
			remoteInfo = FirebaseNotifications;
		};
/* End PBXContainerItemProxy section */

/* Begin PBXFileReference section */
		03D6C89A3CE5A529BD63C2A0 /* Pods-FirebaseNotificationsTests.debug.xcconfig */ = {isa = PBXFileReference; includeInIndex = 1; lastKnownFileType = text.xcconfig; name = "Pods-FirebaseNotificationsTests.debug.xcconfig"; path = "Pods/Target Support Files/Pods-FirebaseNotificationsTests/Pods-FirebaseNotificationsTests.debug.xcconfig"; sourceTree = "<group>"; };
		1E13FD6DD799152FEBBCFF25 /* Pods-FirebaseNotificationsUITests.release.xcconfig */ = {isa = PBXFileReference; includeInIndex = 1; lastKnownFileType = text.xcconfig; name = "Pods-FirebaseNotificationsUITests.release.xcconfig"; path = "Pods/Target Support Files/Pods-FirebaseNotificationsUITests/Pods-FirebaseNotificationsUITests.release.xcconfig"; sourceTree = "<group>"; };
		526F73B91EF7AA1316199E19 /* Pods-FirebaseNotifications.release.xcconfig */ = {isa = PBXFileReference; includeInIndex = 1; lastKnownFileType = text.xcconfig; name = "Pods-FirebaseNotifications.release.xcconfig"; path = "Pods/Target Support Files/Pods-FirebaseNotifications/Pods-FirebaseNotifications.release.xcconfig"; sourceTree = "<group>"; };
		654FC460862F2E0F61777C3B /* Pods-FirebaseNotificationsTests.release.xcconfig */ = {isa = PBXFileReference; includeInIndex = 1; lastKnownFileType = text.xcconfig; name = "Pods-FirebaseNotificationsTests.release.xcconfig"; path = "Pods/Target Support Files/Pods-FirebaseNotificationsTests/Pods-FirebaseNotificationsTests.release.xcconfig"; sourceTree = "<group>"; };
		740DB8D5113939AA1F7106A0 /* Pods_FirebaseNotificationsTests.framework */ = {isa = PBXFileReference; explicitFileType = wrapper.framework; includeInIndex = 0; path = Pods_FirebaseNotificationsTests.framework; sourceTree = BUILT_PRODUCTS_DIR; };
		89EFC9CD7270D9744EDF78F3 /* Pods-FirebaseNotificationsUITests.debug.xcconfig */ = {isa = PBXFileReference; includeInIndex = 1; lastKnownFileType = text.xcconfig; name = "Pods-FirebaseNotificationsUITests.debug.xcconfig"; path = "Pods/Target Support Files/Pods-FirebaseNotificationsUITests/Pods-FirebaseNotificationsUITests.debug.xcconfig"; sourceTree = "<group>"; };
		8F5E6F89A12A99A146E3202B /* Pods_FirebaseNotifications.framework */ = {isa = PBXFileReference; explicitFileType = wrapper.framework; includeInIndex = 0; path = Pods_FirebaseNotifications.framework; sourceTree = BUILT_PRODUCTS_DIR; };
		ABD3AFD7F80CD138E1D41E49 /* Pods-FirebaseNotifications.debug.xcconfig */ = {isa = PBXFileReference; includeInIndex = 1; lastKnownFileType = text.xcconfig; name = "Pods-FirebaseNotifications.debug.xcconfig"; path = "Pods/Target Support Files/Pods-FirebaseNotifications/Pods-FirebaseNotifications.debug.xcconfig"; sourceTree = "<group>"; };
		BF6FE8B0E6586913A2850E18 /* Pods_FirebaseNotificationsUITests.framework */ = {isa = PBXFileReference; explicitFileType = wrapper.framework; includeInIndex = 0; path = Pods_FirebaseNotificationsUITests.framework; sourceTree = BUILT_PRODUCTS_DIR; };
		CD288B2B200D79FF00A97011 /* UserNotificationService.swift */ = {isa = PBXFileReference; lastKnownFileType = sourcecode.swift; path = UserNotificationService.swift; sourceTree = "<group>"; };
		CD288B2D200D800800A97011 /* FirebaseNotifications.entitlements */ = {isa = PBXFileReference; lastKnownFileType = text.plist.entitlements; path = FirebaseNotifications.entitlements; sourceTree = "<group>"; };
		CD288B2E200D838F00A97011 /* GoogleService-Info.plist */ = {isa = PBXFileReference; fileEncoding = 4; lastKnownFileType = text.plist.xml; path = "GoogleService-Info.plist"; sourceTree = "<group>"; };
		CD288B30200D846700A97011 /* FirebaseDatabaseService.swift */ = {isa = PBXFileReference; lastKnownFileType = sourcecode.swift; path = FirebaseDatabaseService.swift; sourceTree = "<group>"; };
		CD288B32200D8A9700A97011 /* ProductsSnapshot.swift */ = {isa = PBXFileReference; lastKnownFileType = sourcecode.swift; path = ProductsSnapshot.swift; sourceTree = "<group>"; };
		CD288B34200D8D0600A97011 /* ProductsService.swift */ = {isa = PBXFileReference; lastKnownFileType = sourcecode.swift; path = ProductsService.swift; sourceTree = "<group>"; };
		CD288B36200DAEFA00A97011 /* FirebaseMessagingService.swift */ = {isa = PBXFileReference; lastKnownFileType = sourcecode.swift; path = FirebaseMessagingService.swift; sourceTree = "<group>"; };
		CD7E9547200D5960001F6475 /* FirebaseNotifications.app */ = {isa = PBXFileReference; explicitFileType = wrapper.application; includeInIndex = 0; path = FirebaseNotifications.app; sourceTree = BUILT_PRODUCTS_DIR; };
		CD7E954A200D5960001F6475 /* AppDelegate.swift */ = {isa = PBXFileReference; lastKnownFileType = sourcecode.swift; path = AppDelegate.swift; sourceTree = "<group>"; };
		CD7E954C200D5960001F6475 /* ViewController.swift */ = {isa = PBXFileReference; lastKnownFileType = sourcecode.swift; path = ViewController.swift; sourceTree = "<group>"; };
		CD7E954F200D5960001F6475 /* Base */ = {isa = PBXFileReference; lastKnownFileType = file.storyboard; name = Base; path = Base.lproj/Main.storyboard; sourceTree = "<group>"; };
		CD7E9551200D5960001F6475 /* Assets.xcassets */ = {isa = PBXFileReference; lastKnownFileType = folder.assetcatalog; path = Assets.xcassets; sourceTree = "<group>"; };
		CD7E9554200D5960001F6475 /* Base */ = {isa = PBXFileReference; lastKnownFileType = file.storyboard; name = Base; path = Base.lproj/LaunchScreen.storyboard; sourceTree = "<group>"; };
		CD7E9556200D5960001F6475 /* Info.plist */ = {isa = PBXFileReference; lastKnownFileType = text.plist.xml; path = Info.plist; sourceTree = "<group>"; };
		CD7E955B200D5960001F6475 /* FirebaseNotificationsTests.xctest */ = {isa = PBXFileReference; explicitFileType = wrapper.cfbundle; includeInIndex = 0; path = FirebaseNotificationsTests.xctest; sourceTree = BUILT_PRODUCTS_DIR; };
		CD7E955F200D5960001F6475 /* FirebaseNotificationsTests.swift */ = {isa = PBXFileReference; lastKnownFileType = sourcecode.swift; path = FirebaseNotificationsTests.swift; sourceTree = "<group>"; };
		CD7E9561200D5960001F6475 /* Info.plist */ = {isa = PBXFileReference; lastKnownFileType = text.plist.xml; path = Info.plist; sourceTree = "<group>"; };
		CD7E9566200D5960001F6475 /* FirebaseNotificationsUITests.xctest */ = {isa = PBXFileReference; explicitFileType = wrapper.cfbundle; includeInIndex = 0; path = FirebaseNotificationsUITests.xctest; sourceTree = BUILT_PRODUCTS_DIR; };
		CD7E956A200D5960001F6475 /* FirebaseNotificationsUITests.swift */ = {isa = PBXFileReference; lastKnownFileType = sourcecode.swift; path = FirebaseNotificationsUITests.swift; sourceTree = "<group>"; };
		CD7E956C200D5960001F6475 /* Info.plist */ = {isa = PBXFileReference; lastKnownFileType = text.plist.xml; path = Info.plist; sourceTree = "<group>"; };
		CD7E957C200D5E99001F6475 /* Product.swift */ = {isa = PBXFileReference; lastKnownFileType = sourcecode.swift; path = Product.swift; sourceTree = "<group>"; };
		CD7E957E200D5EDD001F6475 /* ProductCell.swift */ = {isa = PBXFileReference; lastKnownFileType = sourcecode.swift; path = ProductCell.swift; sourceTree = "<group>"; };
		CD7E9580200D64DA001F6475 /* AlertService.swift */ = {isa = PBXFileReference; lastKnownFileType = sourcecode.swift; path = AlertService.swift; sourceTree = "<group>"; };
/* End PBXFileReference section */

/* Begin PBXFrameworksBuildPhase section */
		CD7E9544200D5960001F6475 /* Frameworks */ = {
			isa = PBXFrameworksBuildPhase;
			buildActionMask = 2147483647;
			files = (
				346A896EB1CF8AD8DF976751 /* Pods_FirebaseNotifications.framework in Frameworks */,
			);
			runOnlyForDeploymentPostprocessing = 0;
		};
		CD7E9558200D5960001F6475 /* Frameworks */ = {
			isa = PBXFrameworksBuildPhase;
			buildActionMask = 2147483647;
			files = (
				E6C7369338E22D4610D31F25 /* Pods_FirebaseNotificationsTests.framework in Frameworks */,
			);
			runOnlyForDeploymentPostprocessing = 0;
		};
		CD7E9563200D5960001F6475 /* Frameworks */ = {
			isa = PBXFrameworksBuildPhase;
			buildActionMask = 2147483647;
			files = (
				DFFC292352DCB469A281E2C6 /* Pods_FirebaseNotificationsUITests.framework in Frameworks */,
			);
			runOnlyForDeploymentPostprocessing = 0;
		};
/* End PBXFrameworksBuildPhase section */

/* Begin PBXGroup section */
		5DE7CCFDA099D863296EA347 /* Pods */ = {
			isa = PBXGroup;
			children = (
				ABD3AFD7F80CD138E1D41E49 /* Pods-FirebaseNotifications.debug.xcconfig */,
				526F73B91EF7AA1316199E19 /* Pods-FirebaseNotifications.release.xcconfig */,
				03D6C89A3CE5A529BD63C2A0 /* Pods-FirebaseNotificationsTests.debug.xcconfig */,
				654FC460862F2E0F61777C3B /* Pods-FirebaseNotificationsTests.release.xcconfig */,
				89EFC9CD7270D9744EDF78F3 /* Pods-FirebaseNotificationsUITests.debug.xcconfig */,
				1E13FD6DD799152FEBBCFF25 /* Pods-FirebaseNotificationsUITests.release.xcconfig */,
			);
			name = Pods;
			sourceTree = "<group>";
		};
		A1FA2B30C5121593790FCC92 /* Frameworks */ = {
			isa = PBXGroup;
			children = (
				8F5E6F89A12A99A146E3202B /* Pods_FirebaseNotifications.framework */,
				740DB8D5113939AA1F7106A0 /* Pods_FirebaseNotificationsTests.framework */,
				BF6FE8B0E6586913A2850E18 /* Pods_FirebaseNotificationsUITests.framework */,
			);
			name = Frameworks;
			sourceTree = "<group>";
		};
		CD7E953E200D5960001F6475 = {
			isa = PBXGroup;
			children = (
				CD7E9549200D5960001F6475 /* FirebaseNotifications */,
				CD7E955E200D5960001F6475 /* FirebaseNotificationsTests */,
				CD7E9569200D5960001F6475 /* FirebaseNotificationsUITests */,
				CD7E9548200D5960001F6475 /* Products */,
				5DE7CCFDA099D863296EA347 /* Pods */,
				A1FA2B30C5121593790FCC92 /* Frameworks */,
			);
			sourceTree = "<group>";
		};
		CD7E9548200D5960001F6475 /* Products */ = {
			isa = PBXGroup;
			children = (
				CD7E9547200D5960001F6475 /* FirebaseNotifications.app */,
				CD7E955B200D5960001F6475 /* FirebaseNotificationsTests.xctest */,
				CD7E9566200D5960001F6475 /* FirebaseNotificationsUITests.xctest */,
			);
			name = Products;
			sourceTree = "<group>";
		};
		CD7E9549200D5960001F6475 /* FirebaseNotifications */ = {
			isa = PBXGroup;
			children = (
				CD288B2D200D800800A97011 /* FirebaseNotifications.entitlements */,
				CD7E9556200D5960001F6475 /* Info.plist */,
				CD288B2E200D838F00A97011 /* GoogleService-Info.plist */,
				CD7E9579200D5A0B001F6475 /* Model */,
				CD7E957A200D5A0E001F6475 /* View */,
				CD7E957B200D5A12001F6475 /* Controller */,
				CD7E9578200D5A04001F6475 /* Service */,
			);
			path = FirebaseNotifications;
			sourceTree = "<group>";
		};
		CD7E955E200D5960001F6475 /* FirebaseNotificationsTests */ = {
			isa = PBXGroup;
			children = (
				CD7E955F200D5960001F6475 /* FirebaseNotificationsTests.swift */,
				CD7E9561200D5960001F6475 /* Info.plist */,
			);
			path = FirebaseNotificationsTests;
			sourceTree = "<group>";
		};
		CD7E9569200D5960001F6475 /* FirebaseNotificationsUITests */ = {
			isa = PBXGroup;
			children = (
				CD7E956A200D5960001F6475 /* FirebaseNotificationsUITests.swift */,
				CD7E956C200D5960001F6475 /* Info.plist */,
			);
			path = FirebaseNotificationsUITests;
			sourceTree = "<group>";
		};
		CD7E9578200D5A04001F6475 /* Service */ = {
			isa = PBXGroup;
			children = (
				CD7E9580200D64DA001F6475 /* AlertService.swift */,
				CD288B2B200D79FF00A97011 /* UserNotificationService.swift */,
				CD288B30200D846700A97011 /* FirebaseDatabaseService.swift */,
				CD288B34200D8D0600A97011 /* ProductsService.swift */,
				CD288B36200DAEFA00A97011 /* FirebaseMessagingService.swift */,
			);
			path = Service;
			sourceTree = "<group>";
		};
		CD7E9579200D5A0B001F6475 /* Model */ = {
			isa = PBXGroup;
			children = (
				CD7E957C200D5E99001F6475 /* Product.swift */,
				CD288B32200D8A9700A97011 /* ProductsSnapshot.swift */,
			);
			path = Model;
			sourceTree = "<group>";
		};
		CD7E957A200D5A0E001F6475 /* View */ = {
			isa = PBXGroup;
			children = (
				CD7E954E200D5960001F6475 /* Main.storyboard */,
				CD7E9553200D5960001F6475 /* LaunchScreen.storyboard */,
				CD7E9551200D5960001F6475 /* Assets.xcassets */,
				CD7E957E200D5EDD001F6475 /* ProductCell.swift */,
			);
			path = View;
			sourceTree = "<group>";
		};
		CD7E957B200D5A12001F6475 /* Controller */ = {
			isa = PBXGroup;
			children = (
				CD7E954A200D5960001F6475 /* AppDelegate.swift */,
				CD7E954C200D5960001F6475 /* ViewController.swift */,
			);
			path = Controller;
			sourceTree = "<group>";
		};
/* End PBXGroup section */

/* Begin PBXNativeTarget section */
		CD7E9546200D5960001F6475 /* FirebaseNotifications */ = {
			isa = PBXNativeTarget;
			buildConfigurationList = CD7E956F200D5960001F6475 /* Build configuration list for PBXNativeTarget "FirebaseNotifications" */;
			buildPhases = (
				C48FECEFB395A922DF70F562 /* [CP] Check Pods Manifest.lock */,
				CD7E9543200D5960001F6475 /* Sources */,
				CD7E9544200D5960001F6475 /* Frameworks */,
				CD7E9545200D5960001F6475 /* Resources */,
				B09B2D5495245FD64B5B9077 /* [CP] Embed Pods Frameworks */,
				1C69C64A4FD769641DEE2CA2 /* [CP] Copy Pods Resources */,
			);
			buildRules = (
			);
			dependencies = (
			);
			name = FirebaseNotifications;
			productName = FirebaseNotifications;
			productReference = CD7E9547200D5960001F6475 /* FirebaseNotifications.app */;
			productType = "com.apple.product-type.application";
		};
		CD7E955A200D5960001F6475 /* FirebaseNotificationsTests */ = {
			isa = PBXNativeTarget;
			buildConfigurationList = CD7E9572200D5960001F6475 /* Build configuration list for PBXNativeTarget "FirebaseNotificationsTests" */;
			buildPhases = (
				32D75D740F4246B46BAC6784 /* [CP] Check Pods Manifest.lock */,
				CD7E9557200D5960001F6475 /* Sources */,
				CD7E9558200D5960001F6475 /* Frameworks */,
				CD7E9559200D5960001F6475 /* Resources */,
				0F2FC3F4582A0F47C49425D8 /* [CP] Embed Pods Frameworks */,
				B536FF0ED607439C8CB4DE96 /* [CP] Copy Pods Resources */,
			);
			buildRules = (
			);
			dependencies = (
				CD7E955D200D5960001F6475 /* PBXTargetDependency */,
			);
			name = FirebaseNotificationsTests;
			productName = FirebaseNotificationsTests;
			productReference = CD7E955B200D5960001F6475 /* FirebaseNotificationsTests.xctest */;
			productType = "com.apple.product-type.bundle.unit-test";
		};
		CD7E9565200D5960001F6475 /* FirebaseNotificationsUITests */ = {
			isa = PBXNativeTarget;
			buildConfigurationList = CD7E9575200D5960001F6475 /* Build configuration list for PBXNativeTarget "FirebaseNotificationsUITests" */;
			buildPhases = (
				6662567C8BD6871AAE44F5C9 /* [CP] Check Pods Manifest.lock */,
				CD7E9562200D5960001F6475 /* Sources */,
				CD7E9563200D5960001F6475 /* Frameworks */,
				CD7E9564200D5960001F6475 /* Resources */,
				602E89B886A7F3F1BF18AF18 /* [CP] Embed Pods Frameworks */,
				E685563DB550D64007DDC181 /* [CP] Copy Pods Resources */,
			);
			buildRules = (
			);
			dependencies = (
				CD7E9568200D5960001F6475 /* PBXTargetDependency */,
			);
			name = FirebaseNotificationsUITests;
			productName = FirebaseNotificationsUITests;
			productReference = CD7E9566200D5960001F6475 /* FirebaseNotificationsUITests.xctest */;
			productType = "com.apple.product-type.bundle.ui-testing";
		};
/* End PBXNativeTarget section */

/* Begin PBXProject section */
		CD7E953F200D5960001F6475 /* Project object */ = {
			isa = PBXProject;
			attributes = {
				LastSwiftUpdateCheck = 0920;
				LastUpgradeCheck = 0920;
				ORGANIZATIONNAME = "Kenton D. Raiford";
				TargetAttributes = {
					CD7E9546200D5960001F6475 = {
						CreatedOnToolsVersion = 9.2;
						ProvisioningStyle = Automatic;
						SystemCapabilities = {
							com.apple.BackgroundModes = {
								enabled = 1;
							};
							com.apple.Push = {
								enabled = 1;
							};
						};
					};
					CD7E955A200D5960001F6475 = {
						CreatedOnToolsVersion = 9.2;
						ProvisioningStyle = Automatic;
						TestTargetID = CD7E9546200D5960001F6475;
					};
					CD7E9565200D5960001F6475 = {
						CreatedOnToolsVersion = 9.2;
						ProvisioningStyle = Automatic;
						TestTargetID = CD7E9546200D5960001F6475;
					};
				};
			};
			buildConfigurationList = CD7E9542200D5960001F6475 /* Build configuration list for PBXProject "FirebaseNotifications" */;
			compatibilityVersion = "Xcode 8.0";
			developmentRegion = en;
			hasScannedForEncodings = 0;
			knownRegions = (
				en,
				Base,
			);
			mainGroup = CD7E953E200D5960001F6475;
			productRefGroup = CD7E9548200D5960001F6475 /* Products */;
			projectDirPath = "";
			projectRoot = "";
			targets = (
				CD7E9546200D5960001F6475 /* FirebaseNotifications */,
				CD7E955A200D5960001F6475 /* FirebaseNotificationsTests */,
				CD7E9565200D5960001F6475 /* FirebaseNotificationsUITests */,
			);
		};
/* End PBXProject section */

/* Begin PBXResourcesBuildPhase section */
		CD7E9545200D5960001F6475 /* Resources */ = {
			isa = PBXResourcesBuildPhase;
			buildActionMask = 2147483647;
			files = (
				CD7E9555200D5960001F6475 /* LaunchScreen.storyboard in Resources */,
				CD288B2F200D838F00A97011 /* GoogleService-Info.plist in Resources */,
				CD7E9552200D5960001F6475 /* Assets.xcassets in Resources */,
				CD7E9550200D5960001F6475 /* Main.storyboard in Resources */,
			);
			runOnlyForDeploymentPostprocessing = 0;
		};
		CD7E9559200D5960001F6475 /* Resources */ = {
			isa = PBXResourcesBuildPhase;
			buildActionMask = 2147483647;
			files = (
			);
			runOnlyForDeploymentPostprocessing = 0;
		};
		CD7E9564200D5960001F6475 /* Resources */ = {
			isa = PBXResourcesBuildPhase;
			buildActionMask = 2147483647;
			files = (
			);
			runOnlyForDeploymentPostprocessing = 0;
		};
/* End PBXResourcesBuildPhase section */

/* Begin PBXShellScriptBuildPhase section */
		0F2FC3F4582A0F47C49425D8 /* [CP] Embed Pods Frameworks */ = {
			isa = PBXShellScriptBuildPhase;
			buildActionMask = 2147483647;
			files = (
			);
			inputPaths = (
			);
			name = "[CP] Embed Pods Frameworks";
			outputPaths = (
			);
			runOnlyForDeploymentPostprocessing = 0;
			shellPath = /bin/sh;
			shellScript = "\"${SRCROOT}/Pods/Target Support Files/Pods-FirebaseNotificationsTests/Pods-FirebaseNotificationsTests-frameworks.sh\"\n";
			showEnvVarsInLog = 0;
		};
		1C69C64A4FD769641DEE2CA2 /* [CP] Copy Pods Resources */ = {
			isa = PBXShellScriptBuildPhase;
			buildActionMask = 2147483647;
			files = (
			);
			inputPaths = (
			);
			name = "[CP] Copy Pods Resources";
			outputPaths = (
			);
			runOnlyForDeploymentPostprocessing = 0;
			shellPath = /bin/sh;
			shellScript = "\"${SRCROOT}/Pods/Target Support Files/Pods-FirebaseNotifications/Pods-FirebaseNotifications-resources.sh\"\n";
			showEnvVarsInLog = 0;
		};
		32D75D740F4246B46BAC6784 /* [CP] Check Pods Manifest.lock */ = {
			isa = PBXShellScriptBuildPhase;
			buildActionMask = 2147483647;
			files = (
			);
			inputPaths = (
			);
			name = "[CP] Check Pods Manifest.lock";
			outputPaths = (
			);
			runOnlyForDeploymentPostprocessing = 0;
			shellPath = /bin/sh;
			shellScript = "diff \"${PODS_PODFILE_DIR_PATH}/Podfile.lock\" \"${PODS_ROOT}/Manifest.lock\" > /dev/null\nif [ $? != 0 ] ; then\n    # print error to STDERR\n    echo \"error: The sandbox is not in sync with the Podfile.lock. Run 'pod install' or update your CocoaPods installation.\" >&2\n    exit 1\nfi\n";
			showEnvVarsInLog = 0;
		};
		602E89B886A7F3F1BF18AF18 /* [CP] Embed Pods Frameworks */ = {
			isa = PBXShellScriptBuildPhase;
			buildActionMask = 2147483647;
			files = (
			);
			inputPaths = (
			);
			name = "[CP] Embed Pods Frameworks";
			outputPaths = (
			);
			runOnlyForDeploymentPostprocessing = 0;
			shellPath = /bin/sh;
			shellScript = "\"${SRCROOT}/Pods/Target Support Files/Pods-FirebaseNotificationsUITests/Pods-FirebaseNotificationsUITests-frameworks.sh\"\n";
			showEnvVarsInLog = 0;
		};
		6662567C8BD6871AAE44F5C9 /* [CP] Check Pods Manifest.lock */ = {
			isa = PBXShellScriptBuildPhase;
			buildActionMask = 2147483647;
			files = (
			);
			inputPaths = (
			);
			name = "[CP] Check Pods Manifest.lock";
			outputPaths = (
			);
			runOnlyForDeploymentPostprocessing = 0;
			shellPath = /bin/sh;
			shellScript = "diff \"${PODS_PODFILE_DIR_PATH}/Podfile.lock\" \"${PODS_ROOT}/Manifest.lock\" > /dev/null\nif [ $? != 0 ] ; then\n    # print error to STDERR\n    echo \"error: The sandbox is not in sync with the Podfile.lock. Run 'pod install' or update your CocoaPods installation.\" >&2\n    exit 1\nfi\n";
			showEnvVarsInLog = 0;
		};
		B09B2D5495245FD64B5B9077 /* [CP] Embed Pods Frameworks */ = {
			isa = PBXShellScriptBuildPhase;
			buildActionMask = 2147483647;
			files = (
			);
			inputPaths = (
			);
			name = "[CP] Embed Pods Frameworks";
			outputPaths = (
			);
			runOnlyForDeploymentPostprocessing = 0;
			shellPath = /bin/sh;
			shellScript = "\"${SRCROOT}/Pods/Target Support Files/Pods-FirebaseNotifications/Pods-FirebaseNotifications-frameworks.sh\"\n";
			showEnvVarsInLog = 0;
		};
		B536FF0ED607439C8CB4DE96 /* [CP] Copy Pods Resources */ = {
			isa = PBXShellScriptBuildPhase;
			buildActionMask = 2147483647;
			files = (
			);
			inputPaths = (
			);
			name = "[CP] Copy Pods Resources";
			outputPaths = (
			);
			runOnlyForDeploymentPostprocessing = 0;
			shellPath = /bin/sh;
			shellScript = "\"${SRCROOT}/Pods/Target Support Files/Pods-FirebaseNotificationsTests/Pods-FirebaseNotificationsTests-resources.sh\"\n";
			showEnvVarsInLog = 0;
		};
		C48FECEFB395A922DF70F562 /* [CP] Check Pods Manifest.lock */ = {
			isa = PBXShellScriptBuildPhase;
			buildActionMask = 2147483647;
			files = (
			);
			inputPaths = (
			);
			name = "[CP] Check Pods Manifest.lock";
			outputPaths = (
			);
			runOnlyForDeploymentPostprocessing = 0;
			shellPath = /bin/sh;
			shellScript = "diff \"${PODS_PODFILE_DIR_PATH}/Podfile.lock\" \"${PODS_ROOT}/Manifest.lock\" > /dev/null\nif [ $? != 0 ] ; then\n    # print error to STDERR\n    echo \"error: The sandbox is not in sync with the Podfile.lock. Run 'pod install' or update your CocoaPods installation.\" >&2\n    exit 1\nfi\n";
			showEnvVarsInLog = 0;
		};
		E685563DB550D64007DDC181 /* [CP] Copy Pods Resources */ = {
			isa = PBXShellScriptBuildPhase;
			buildActionMask = 2147483647;
			files = (
			);
			inputPaths = (
			);
			name = "[CP] Copy Pods Resources";
			outputPaths = (
			);
			runOnlyForDeploymentPostprocessing = 0;
			shellPath = /bin/sh;
			shellScript = "\"${SRCROOT}/Pods/Target Support Files/Pods-FirebaseNotificationsUITests/Pods-FirebaseNotificationsUITests-resources.sh\"\n";
			showEnvVarsInLog = 0;
		};
/* End PBXShellScriptBuildPhase section */

/* Begin PBXSourcesBuildPhase section */
		CD7E9543200D5960001F6475 /* Sources */ = {
			isa = PBXSourcesBuildPhase;
			buildActionMask = 2147483647;
			files = (
				CD7E954D200D5960001F6475 /* ViewController.swift in Sources */,
				CD288B2C200D79FF00A97011 /* UserNotificationService.swift in Sources */,
				CD7E957F200D5EDD001F6475 /* ProductCell.swift in Sources */,
				CD7E954B200D5960001F6475 /* AppDelegate.swift in Sources */,
				CD7E957D200D5E99001F6475 /* Product.swift in Sources */,
				CD288B37200DAEFA00A97011 /* FirebaseMessagingService.swift in Sources */,
				CD288B33200D8A9700A97011 /* ProductsSnapshot.swift in Sources */,
				CD7E9581200D64DA001F6475 /* AlertService.swift in Sources */,
				CD288B31200D846700A97011 /* FirebaseDatabaseService.swift in Sources */,
				CD288B35200D8D0600A97011 /* ProductsService.swift in Sources */,
			);
			runOnlyForDeploymentPostprocessing = 0;
		};
		CD7E9557200D5960001F6475 /* Sources */ = {
			isa = PBXSourcesBuildPhase;
			buildActionMask = 2147483647;
			files = (
				CD7E9560200D5960001F6475 /* FirebaseNotificationsTests.swift in Sources */,
			);
			runOnlyForDeploymentPostprocessing = 0;
		};
		CD7E9562200D5960001F6475 /* Sources */ = {
			isa = PBXSourcesBuildPhase;
			buildActionMask = 2147483647;
			files = (
				CD7E956B200D5960001F6475 /* FirebaseNotificationsUITests.swift in Sources */,
			);
			runOnlyForDeploymentPostprocessing = 0;
		};
/* End PBXSourcesBuildPhase section */

/* Begin PBXTargetDependency section */
		CD7E955D200D5960001F6475 /* PBXTargetDependency */ = {
			isa = PBXTargetDependency;
			target = CD7E9546200D5960001F6475 /* FirebaseNotifications */;
			targetProxy = CD7E955C200D5960001F6475 /* PBXContainerItemProxy */;
		};
		CD7E9568200D5960001F6475 /* PBXTargetDependency */ = {
			isa = PBXTargetDependency;
			target = CD7E9546200D5960001F6475 /* FirebaseNotifications */;
			targetProxy = CD7E9567200D5960001F6475 /* PBXContainerItemProxy */;
		};
/* End PBXTargetDependency section */

/* Begin PBXVariantGroup section */
		CD7E954E200D5960001F6475 /* Main.storyboard */ = {
			isa = PBXVariantGroup;
			children = (
				CD7E954F200D5960001F6475 /* Base */,
			);
			name = Main.storyboard;
			sourceTree = "<group>";
		};
		CD7E9553200D5960001F6475 /* LaunchScreen.storyboard */ = {
			isa = PBXVariantGroup;
			children = (
				CD7E9554200D5960001F6475 /* Base */,
			);
			name = LaunchScreen.storyboard;
			sourceTree = "<group>";
		};
/* End PBXVariantGroup section */

/* Begin XCBuildConfiguration section */
		CD7E956D200D5960001F6475 /* Debug */ = {
			isa = XCBuildConfiguration;
			buildSettings = {
				ALWAYS_SEARCH_USER_PATHS = NO;
				CLANG_ANALYZER_NONNULL = YES;
				CLANG_ANALYZER_NUMBER_OBJECT_CONVERSION = YES_AGGRESSIVE;
				CLANG_CXX_LANGUAGE_STANDARD = "gnu++14";
				CLANG_CXX_LIBRARY = "libc++";
				CLANG_ENABLE_MODULES = YES;
				CLANG_ENABLE_OBJC_ARC = YES;
				CLANG_WARN_BLOCK_CAPTURE_AUTORELEASING = YES;
				CLANG_WARN_BOOL_CONVERSION = YES;
				CLANG_WARN_COMMA = YES;
				CLANG_WARN_CONSTANT_CONVERSION = YES;
				CLANG_WARN_DIRECT_OBJC_ISA_USAGE = YES_ERROR;
				CLANG_WARN_DOCUMENTATION_COMMENTS = YES;
				CLANG_WARN_EMPTY_BODY = YES;
				CLANG_WARN_ENUM_CONVERSION = YES;
				CLANG_WARN_INFINITE_RECURSION = YES;
				CLANG_WARN_INT_CONVERSION = YES;
				CLANG_WARN_NON_LITERAL_NULL_CONVERSION = YES;
				CLANG_WARN_OBJC_LITERAL_CONVERSION = YES;
				CLANG_WARN_OBJC_ROOT_CLASS = YES_ERROR;
				CLANG_WARN_RANGE_LOOP_ANALYSIS = YES;
				CLANG_WARN_STRICT_PROTOTYPES = YES;
				CLANG_WARN_SUSPICIOUS_MOVE = YES;
				CLANG_WARN_UNGUARDED_AVAILABILITY = YES_AGGRESSIVE;
				CLANG_WARN_UNREACHABLE_CODE = YES;
				CLANG_WARN__DUPLICATE_METHOD_MATCH = YES;
				CODE_SIGN_IDENTITY = "iPhone Developer";
				COPY_PHASE_STRIP = NO;
				DEBUG_INFORMATION_FORMAT = dwarf;
				ENABLE_STRICT_OBJC_MSGSEND = YES;
				ENABLE_TESTABILITY = YES;
				GCC_C_LANGUAGE_STANDARD = gnu11;
				GCC_DYNAMIC_NO_PIC = NO;
				GCC_NO_COMMON_BLOCKS = YES;
				GCC_OPTIMIZATION_LEVEL = 0;
				GCC_PREPROCESSOR_DEFINITIONS = (
					"DEBUG=1",
					"$(inherited)",
				);
				GCC_WARN_64_TO_32_BIT_CONVERSION = YES;
				GCC_WARN_ABOUT_RETURN_TYPE = YES_ERROR;
				GCC_WARN_UNDECLARED_SELECTOR = YES;
				GCC_WARN_UNINITIALIZED_AUTOS = YES_AGGRESSIVE;
				GCC_WARN_UNUSED_FUNCTION = YES;
				GCC_WARN_UNUSED_VARIABLE = YES;
				IPHONEOS_DEPLOYMENT_TARGET = 11.2;
				MTL_ENABLE_DEBUG_INFO = YES;
				ONLY_ACTIVE_ARCH = YES;
				SDKROOT = iphoneos;
				SWIFT_ACTIVE_COMPILATION_CONDITIONS = DEBUG;
				SWIFT_OPTIMIZATION_LEVEL = "-Onone";
			};
			name = Debug;
		};
		CD7E956E200D5960001F6475 /* Release */ = {
			isa = XCBuildConfiguration;
			buildSettings = {
				ALWAYS_SEARCH_USER_PATHS = NO;
				CLANG_ANALYZER_NONNULL = YES;
				CLANG_ANALYZER_NUMBER_OBJECT_CONVERSION = YES_AGGRESSIVE;
				CLANG_CXX_LANGUAGE_STANDARD = "gnu++14";
				CLANG_CXX_LIBRARY = "libc++";
				CLANG_ENABLE_MODULES = YES;
				CLANG_ENABLE_OBJC_ARC = YES;
				CLANG_WARN_BLOCK_CAPTURE_AUTORELEASING = YES;
				CLANG_WARN_BOOL_CONVERSION = YES;
				CLANG_WARN_COMMA = YES;
				CLANG_WARN_CONSTANT_CONVERSION = YES;
				CLANG_WARN_DIRECT_OBJC_ISA_USAGE = YES_ERROR;
				CLANG_WARN_DOCUMENTATION_COMMENTS = YES;
				CLANG_WARN_EMPTY_BODY = YES;
				CLANG_WARN_ENUM_CONVERSION = YES;
				CLANG_WARN_INFINITE_RECURSION = YES;
				CLANG_WARN_INT_CONVERSION = YES;
				CLANG_WARN_NON_LITERAL_NULL_CONVERSION = YES;
				CLANG_WARN_OBJC_LITERAL_CONVERSION = YES;
				CLANG_WARN_OBJC_ROOT_CLASS = YES_ERROR;
				CLANG_WARN_RANGE_LOOP_ANALYSIS = YES;
				CLANG_WARN_STRICT_PROTOTYPES = YES;
				CLANG_WARN_SUSPICIOUS_MOVE = YES;
				CLANG_WARN_UNGUARDED_AVAILABILITY = YES_AGGRESSIVE;
				CLANG_WARN_UNREACHABLE_CODE = YES;
				CLANG_WARN__DUPLICATE_METHOD_MATCH = YES;
				CODE_SIGN_IDENTITY = "iPhone Developer";
				COPY_PHASE_STRIP = NO;
				DEBUG_INFORMATION_FORMAT = "dwarf-with-dsym";
				ENABLE_NS_ASSERTIONS = NO;
				ENABLE_STRICT_OBJC_MSGSEND = YES;
				GCC_C_LANGUAGE_STANDARD = gnu11;
				GCC_NO_COMMON_BLOCKS = YES;
				GCC_WARN_64_TO_32_BIT_CONVERSION = YES;
				GCC_WARN_ABOUT_RETURN_TYPE = YES_ERROR;
				GCC_WARN_UNDECLARED_SELECTOR = YES;
				GCC_WARN_UNINITIALIZED_AUTOS = YES_AGGRESSIVE;
				GCC_WARN_UNUSED_FUNCTION = YES;
				GCC_WARN_UNUSED_VARIABLE = YES;
				IPHONEOS_DEPLOYMENT_TARGET = 11.2;
				MTL_ENABLE_DEBUG_INFO = NO;
				SDKROOT = iphoneos;
				SWIFT_OPTIMIZATION_LEVEL = "-Owholemodule";
				VALIDATE_PRODUCT = YES;
			};
			name = Release;
		};
		CD7E9570200D5960001F6475 /* Debug */ = {
			isa = XCBuildConfiguration;
			baseConfigurationReference = ABD3AFD7F80CD138E1D41E49 /* Pods-FirebaseNotifications.debug.xcconfig */;
			buildSettings = {
				ASSETCATALOG_COMPILER_APPICON_NAME = AppIcon;
				CODE_SIGN_ENTITLEMENTS = FirebaseNotifications/FirebaseNotifications.entitlements;
				CODE_SIGN_STYLE = Automatic;
				DEVELOPMENT_TEAM = 73TVPW27J7;
				INFOPLIST_FILE = FirebaseNotifications/Info.plist;
				LD_RUNPATH_SEARCH_PATHS = "$(inherited) @executable_path/Frameworks";
				PRODUCT_BUNDLE_IDENTIFIER = com.kentonraiford.FirebaseNotifications;
				PRODUCT_NAME = "$(TARGET_NAME)";
				SWIFT_VERSION = 4.0;
				TARGETED_DEVICE_FAMILY = "1,2";
			};
			name = Debug;
		};
		CD7E9571200D5960001F6475 /* Release */ = {
			isa = XCBuildConfiguration;
			baseConfigurationReference = 526F73B91EF7AA1316199E19 /* Pods-FirebaseNotifications.release.xcconfig */;
			buildSettings = {
				ASSETCATALOG_COMPILER_APPICON_NAME = AppIcon;
				CODE_SIGN_ENTITLEMENTS = FirebaseNotifications/FirebaseNotifications.entitlements;
				CODE_SIGN_STYLE = Automatic;
				DEVELOPMENT_TEAM = 73TVPW27J7;
				INFOPLIST_FILE = FirebaseNotifications/Info.plist;
				LD_RUNPATH_SEARCH_PATHS = "$(inherited) @executable_path/Frameworks";
				PRODUCT_BUNDLE_IDENTIFIER = com.kentonraiford.FirebaseNotifications;
				PRODUCT_NAME = "$(TARGET_NAME)";
				SWIFT_VERSION = 4.0;
				TARGETED_DEVICE_FAMILY = "1,2";
			};
			name = Release;
		};
		CD7E9573200D5960001F6475 /* Debug */ = {
			isa = XCBuildConfiguration;
			baseConfigurationReference = 03D6C89A3CE5A529BD63C2A0 /* Pods-FirebaseNotificationsTests.debug.xcconfig */;
			buildSettings = {
				ALWAYS_EMBED_SWIFT_STANDARD_LIBRARIES = YES;
				BUNDLE_LOADER = "$(TEST_HOST)";
				CODE_SIGN_STYLE = Automatic;
				DEVELOPMENT_TEAM = 73TVPW27J7;
				INFOPLIST_FILE = FirebaseNotificationsTests/Info.plist;
				LD_RUNPATH_SEARCH_PATHS = "$(inherited) @executable_path/Frameworks @loader_path/Frameworks";
				PRODUCT_BUNDLE_IDENTIFIER = com.kentonraiford.FirebaseNotificationsTests;
				PRODUCT_NAME = "$(TARGET_NAME)";
				SWIFT_VERSION = 4.0;
				TARGETED_DEVICE_FAMILY = "1,2";
				TEST_HOST = "$(BUILT_PRODUCTS_DIR)/FirebaseNotifications.app/FirebaseNotifications";
			};
			name = Debug;
		};
		CD7E9574200D5960001F6475 /* Release */ = {
			isa = XCBuildConfiguration;
			baseConfigurationReference = 654FC460862F2E0F61777C3B /* Pods-FirebaseNotificationsTests.release.xcconfig */;
			buildSettings = {
				ALWAYS_EMBED_SWIFT_STANDARD_LIBRARIES = YES;
				BUNDLE_LOADER = "$(TEST_HOST)";
				CODE_SIGN_STYLE = Automatic;
				DEVELOPMENT_TEAM = 73TVPW27J7;
				INFOPLIST_FILE = FirebaseNotificationsTests/Info.plist;
				LD_RUNPATH_SEARCH_PATHS = "$(inherited) @executable_path/Frameworks @loader_path/Frameworks";
				PRODUCT_BUNDLE_IDENTIFIER = com.kentonraiford.FirebaseNotificationsTests;
				PRODUCT_NAME = "$(TARGET_NAME)";
				SWIFT_VERSION = 4.0;
				TARGETED_DEVICE_FAMILY = "1,2";
				TEST_HOST = "$(BUILT_PRODUCTS_DIR)/FirebaseNotifications.app/FirebaseNotifications";
			};
			name = Release;
		};
		CD7E9576200D5960001F6475 /* Debug */ = {
			isa = XCBuildConfiguration;
			baseConfigurationReference = 89EFC9CD7270D9744EDF78F3 /* Pods-FirebaseNotificationsUITests.debug.xcconfig */;
			buildSettings = {
				ALWAYS_EMBED_SWIFT_STANDARD_LIBRARIES = YES;
				CODE_SIGN_STYLE = Automatic;
				DEVELOPMENT_TEAM = 73TVPW27J7;
				INFOPLIST_FILE = FirebaseNotificationsUITests/Info.plist;
				LD_RUNPATH_SEARCH_PATHS = "$(inherited) @executable_path/Frameworks @loader_path/Frameworks";
				PRODUCT_BUNDLE_IDENTIFIER = com.kentonraiford.FirebaseNotificationsUITests;
				PRODUCT_NAME = "$(TARGET_NAME)";
				SWIFT_VERSION = 4.0;
				TARGETED_DEVICE_FAMILY = "1,2";
				TEST_TARGET_NAME = FirebaseNotifications;
			};
			name = Debug;
		};
		CD7E9577200D5960001F6475 /* Release */ = {
			isa = XCBuildConfiguration;
			baseConfigurationReference = 1E13FD6DD799152FEBBCFF25 /* Pods-FirebaseNotificationsUITests.release.xcconfig */;
			buildSettings = {
				ALWAYS_EMBED_SWIFT_STANDARD_LIBRARIES = YES;
				CODE_SIGN_STYLE = Automatic;
				DEVELOPMENT_TEAM = 73TVPW27J7;
				INFOPLIST_FILE = FirebaseNotificationsUITests/Info.plist;
				LD_RUNPATH_SEARCH_PATHS = "$(inherited) @executable_path/Frameworks @loader_path/Frameworks";
				PRODUCT_BUNDLE_IDENTIFIER = com.kentonraiford.FirebaseNotificationsUITests;
				PRODUCT_NAME = "$(TARGET_NAME)";
				SWIFT_VERSION = 4.0;
				TARGETED_DEVICE_FAMILY = "1,2";
				TEST_TARGET_NAME = FirebaseNotifications;
			};
			name = Release;
		};
/* End XCBuildConfiguration section */

/* Begin XCConfigurationList section */
		CD7E9542200D5960001F6475 /* Build configuration list for PBXProject "FirebaseNotifications" */ = {
			isa = XCConfigurationList;
			buildConfigurations = (
				CD7E956D200D5960001F6475 /* Debug */,
				CD7E956E200D5960001F6475 /* Release */,
			);
			defaultConfigurationIsVisible = 0;
			defaultConfigurationName = Release;
		};
		CD7E956F200D5960001F6475 /* Build configuration list for PBXNativeTarget "FirebaseNotifications" */ = {
			isa = XCConfigurationList;
			buildConfigurations = (
				CD7E9570200D5960001F6475 /* Debug */,
				CD7E9571200D5960001F6475 /* Release */,
			);
			defaultConfigurationIsVisible = 0;
			defaultConfigurationName = Release;
		};
		CD7E9572200D5960001F6475 /* Build configuration list for PBXNativeTarget "FirebaseNotificationsTests" */ = {
			isa = XCConfigurationList;
			buildConfigurations = (
				CD7E9573200D5960001F6475 /* Debug */,
				CD7E9574200D5960001F6475 /* Release */,
			);
			defaultConfigurationIsVisible = 0;
			defaultConfigurationName = Release;
		};
		CD7E9575200D5960001F6475 /* Build configuration list for PBXNativeTarget "FirebaseNotificationsUITests" */ = {
			isa = XCConfigurationList;
			buildConfigurations = (
				CD7E9576200D5960001F6475 /* Debug */,
				CD7E9577200D5960001F6475 /* Release */,
			);
			defaultConfigurationIsVisible = 0;
			defaultConfigurationName = Release;
		};
/* End XCConfigurationList section */
	};
	rootObject = CD7E953F200D5960001F6475 /* Project object */;
}
